
Microsoft Visual Studio Solution File, Format Version 12.00
# Visual Studio 14
VisualStudioVersion = 14.0.25420.1
MinimumVisualStudioVersion = 10.0.40219.1
Project("{FAE04EC0-301F-11D3-BF4B-00C04F79EFBC}") = "CollatzConjecture_Sequence", "CollatzConjecture_Sequence\CollatzConjecture_Sequence.csproj", "{372B7895-D81C-41CC-8A67-2EA5F977A3B5}"
EndProject
Global
	GlobalSection(SolutionConfigurationPlatforms) = preSolution
		Debug|Any CPU = Debug|Any CPU
		Release|Any CPU = Release|Any CPU
	EndGlobalSection
	GlobalSection(ProjectConfigurationPlatforms) = postSolution
		{372B7895-D81C-41CC-8A67-2EA5F977A3B5}.Debug|Any CPU.ActiveCfg = Debug|Any CPU
		{372B7895-D81C-41CC-8A67-2EA5F977A3B5}.Debug|Any CPU.Build.0 = Debug|Any CPU
		{372B7895-D81C-41CC-8A67-2EA5F977A3B5}.Release|Any CPU.ActiveCfg = Release|Any CPU
		{372B7895-D81C-41CC-8A67-2EA5F977A3B5}.Release|Any CPU.Build.0 = Release|Any CPU
	EndGlobalSection
	GlobalSection(SolutionProperties) = preSolution
		HideSolutionNode = FALSE
	EndGlobalSection
EndGlobal
